
Microsoft Visual Studio Solution File, Format Version 12.00
# Visual Studio Version 16
VisualStudioVersion = 16.0.29709.97
MinimumVisualStudioVersion = 10.0.40219.1
Project("{9A19103F-16F7-4668-BE54-9A1E7A4F7556}") = "StripeTest.Web", "StripeTest.Web\StripeTest.Web.csproj", "{013D39C8-9474-49C6-94DC-24F5A7B6B9F9}"
EndProject
Project("{9A19103F-16F7-4668-BE54-9A1E7A4F7556}") = "StripeTest.DataAccess", "StripeTest.DataAccess\StripeTest.DataAccess.csproj", "{57FF4C0A-4DF5-4DD6-B10D-EC1D1D3EF83E}"
EndProject
Project("{9A19103F-16F7-4668-BE54-9A1E7A4F7556}") = "StripeTest.ViewModels", "StripeTest.ViewModels\StripeTest.ViewModels.csproj", "{BE153946-115A-45AB-A372-519CCEA18D3D}"
EndProject
Project("{9A19103F-16F7-4668-BE54-9A1E7A4F7556}") = "StripeTest.BusinessLogic", "StripeTest.BusinessLogic\StripeTest.BusinessLogic.csproj", "{51206433-47C9-4227-85EA-EDBA986F09E5}"
EndProject
Global
	GlobalSection(SolutionConfigurationPlatforms) = preSolution
		Debug|Any CPU = Debug|Any CPU
		Release|Any CPU = Release|Any CPU
	EndGlobalSection
	GlobalSection(ProjectConfigurationPlatforms) = postSolution
		{013D39C8-9474-49C6-94DC-24F5A7B6B9F9}.Debug|Any CPU.ActiveCfg = Debug|Any CPU
		{013D39C8-9474-49C6-94DC-24F5A7B6B9F9}.Debug|Any CPU.Build.0 = Debug|Any CPU
		{013D39C8-9474-49C6-94DC-24F5A7B6B9F9}.Release|Any CPU.ActiveCfg = Release|Any CPU
		{013D39C8-9474-49C6-94DC-24F5A7B6B9F9}.Release|Any CPU.Build.0 = Release|Any CPU
		{57FF4C0A-4DF5-4DD6-B10D-EC1D1D3EF83E}.Debug|Any CPU.ActiveCfg = Debug|Any CPU
		{57FF4C0A-4DF5-4DD6-B10D-EC1D1D3EF83E}.Debug|Any CPU.Build.0 = Debug|Any CPU
		{57FF4C0A-4DF5-4DD6-B10D-EC1D1D3EF83E}.Release|Any CPU.ActiveCfg = Release|Any CPU
		{57FF4C0A-4DF5-4DD6-B10D-EC1D1D3EF83E}.Release|Any CPU.Build.0 = Release|Any CPU
		{BE153946-115A-45AB-A372-519CCEA18D3D}.Debug|Any CPU.ActiveCfg = Debug|Any CPU
		{BE153946-115A-45AB-A372-519CCEA18D3D}.Debug|Any CPU.Build.0 = Debug|Any CPU
		{BE153946-115A-45AB-A372-519CCEA18D3D}.Release|Any CPU.ActiveCfg = Release|Any CPU
		{BE153946-115A-45AB-A372-519CCEA18D3D}.Release|Any CPU.Build.0 = Release|Any CPU
		{51206433-47C9-4227-85EA-EDBA986F09E5}.Debug|Any CPU.ActiveCfg = Debug|Any CPU
		{51206433-47C9-4227-85EA-EDBA986F09E5}.Debug|Any CPU.Build.0 = Debug|Any CPU
		{51206433-47C9-4227-85EA-EDBA986F09E5}.Release|Any CPU.ActiveCfg = Release|Any CPU
		{51206433-47C9-4227-85EA-EDBA986F09E5}.Release|Any CPU.Build.0 = Release|Any CPU
	EndGlobalSection
	GlobalSection(SolutionProperties) = preSolution
		HideSolutionNode = FALSE
	EndGlobalSection
	GlobalSection(ExtensibilityGlobals) = postSolution
		SolutionGuid = {5F9D4D57-FAB0-4053-AE9C-0EF584C32604}
	EndGlobalSection
EndGlobal
